// !$*UTF8*$!
{
	archiveVersion = 1;
	classes = {
	};
	objectVersion = 55;
	objects = {

/* Begin PBXBuildFile section */
		6810AD7D28C7355F00D416F3 /* main.cpp in Sources */ = {isa = PBXBuildFile; fileRef = 6810AD7C28C7355F00D416F3 /* main.cpp */; };
		6810AD8728C7367000D416F3 /* payload.cpp in Sources */ = {isa = PBXBuildFile; fileRef = 6810AD8528C7367000D416F3 /* payload.cpp */; };
		6810AD8928C7384000D416F3 /* user.cpp in Sources */ = {isa = PBXBuildFile; fileRef = 6810AD8828C7384000D416F3 /* user.cpp */; };
		68DA230328C8796400C5C3A3 /* myvector.cpp in Sources */ = {isa = PBXBuildFile; fileRef = 68DA230128C8796400C5C3A3 /* myvector.cpp */; };
		68DA230628C8797A00C5C3A3 /* mylist.cpp in Sources */ = {isa = PBXBuildFile; fileRef = 68DA230428C8797A00C5C3A3 /* mylist.cpp */; };
/* End PBXBuildFile section */

/* Begin PBXCopyFilesBuildPhase section */
		6810AD7728C7355F00D416F3 /* CopyFiles */ = {
			isa = PBXCopyFilesBuildPhase;
			buildActionMask = 2147483647;
			dstPath = /usr/share/man/man1/;
			dstSubfolderSpec = 0;
			files = (
			);
			runOnlyForDeploymentPostprocessing = 1;
		};
/* End PBXCopyFilesBuildPhase section */

/* Begin PBXFileReference section */
		6810AD7928C7355F00D416F3 /* preLab1 */ = {isa = PBXFileReference; explicitFileType = "compiled.mach-o.executable"; includeInIndex = 0; path = preLab1; sourceTree = BUILT_PRODUCTS_DIR; };
		6810AD7C28C7355F00D416F3 /* main.cpp */ = {isa = PBXFileReference; lastKnownFileType = sourcecode.cpp.cpp; path = main.cpp; sourceTree = "<group>"; };
		6810AD8528C7367000D416F3 /* payload.cpp */ = {isa = PBXFileReference; lastKnownFileType = sourcecode.cpp.cpp; path = payload.cpp; sourceTree = "<group>"; };
		6810AD8628C7367000D416F3 /* payload.hpp */ = {isa = PBXFileReference; lastKnownFileType = sourcecode.cpp.h; path = payload.hpp; sourceTree = "<group>"; };
		6810AD8828C7384000D416F3 /* user.cpp */ = {isa = PBXFileReference; lastKnownFileType = sourcecode.cpp.cpp; path = user.cpp; sourceTree = "<group>"; };
		68DA230128C8796400C5C3A3 /* myvector.cpp */ = {isa = PBXFileReference; lastKnownFileType = sourcecode.cpp.cpp; path = myvector.cpp; sourceTree = "<group>"; };
		68DA230228C8796400C5C3A3 /* myvector.hpp */ = {isa = PBXFileReference; lastKnownFileType = sourcecode.cpp.h; path = myvector.hpp; sourceTree = "<group>"; };
		68DA230428C8797A00C5C3A3 /* mylist.cpp */ = {isa = PBXFileReference; lastKnownFileType = sourcecode.cpp.cpp; path = mylist.cpp; sourceTree = "<group>"; };
		68DA230528C8797A00C5C3A3 /* mylist.hpp */ = {isa = PBXFileReference; lastKnownFileType = sourcecode.cpp.h; path = mylist.hpp; sourceTree = "<group>"; };
/* End PBXFileReference section */

/* Begin PBXFrameworksBuildPhase section */
		6810AD7628C7355F00D416F3 /* Frameworks */ = {
			isa = PBXFrameworksBuildPhase;
			buildActionMask = 2147483647;
			files = (
			);
			runOnlyForDeploymentPostprocessing = 0;
		};
/* End PBXFrameworksBuildPhase section */

/* Begin PBXGroup section */
		6810AD7028C7355F00D416F3 = {
			isa = PBXGroup;
			children = (
				6810AD7B28C7355F00D416F3 /* preLab1 */,
				6810AD7A28C7355F00D416F3 /* Products */,
			);
			sourceTree = "<group>";
		};
		6810AD7A28C7355F00D416F3 /* Products */ = {
			isa = PBXGroup;
			children = (
				6810AD7928C7355F00D416F3 /* preLab1 */,
			);
			name = Products;
			sourceTree = "<group>";
		};
		6810AD7B28C7355F00D416F3 /* preLab1 */ = {
			isa = PBXGroup;
			children = (
				6810AD8828C7384000D416F3 /* user.cpp */,
				6810AD8528C7367000D416F3 /* payload.cpp */,
				6810AD8628C7367000D416F3 /* payload.hpp */,
				68DA230128C8796400C5C3A3 /* myvector.cpp */,
				68DA230228C8796400C5C3A3 /* myvector.hpp */,
				68DA230428C8797A00C5C3A3 /* mylist.cpp */,
				68DA230528C8797A00C5C3A3 /* mylist.hpp */,
				6810AD7C28C7355F00D416F3 /* main.cpp */,
			);
			path = preLab1;
			sourceTree = "<group>";
		};
/* End PBXGroup section */

/* Begin PBXNativeTarget section */
		6810AD7828C7355F00D416F3 /* preLab1 */ = {
			isa = PBXNativeTarget;
			buildConfigurationList = 6810AD8028C7355F00D416F3 /* Build configuration list for PBXNativeTarget "preLab1" */;
			buildPhases = (
				6810AD7528C7355F00D416F3 /* Sources */,
				6810AD7628C7355F00D416F3 /* Frameworks */,
				6810AD7728C7355F00D416F3 /* CopyFiles */,
			);
			buildRules = (
			);
			dependencies = (
			);
			name = preLab1;
			productName = preLab1;
			productReference = 6810AD7928C7355F00D416F3 /* preLab1 */;
			productType = "com.apple.product-type.tool";
		};
/* End PBXNativeTarget section */

/* Begin PBXProject section */
		6810AD7128C7355F00D416F3 /* Project object */ = {
			isa = PBXProject;
			attributes = {
				BuildIndependentTargetsInParallel = 1;
				LastUpgradeCheck = 1340;
				TargetAttributes = {
					6810AD7828C7355F00D416F3 = {
						CreatedOnToolsVersion = 13.4.1;
					};
				};
			};
			buildConfigurationList = 6810AD7428C7355F00D416F3 /* Build configuration list for PBXProject "preLab1" */;
			compatibilityVersion = "Xcode 13.0";
			developmentRegion = en;
			hasScannedForEncodings = 0;
			knownRegions = (
				en,
				Base,
			);
			mainGroup = 6810AD7028C7355F00D416F3;
			productRefGroup = 6810AD7A28C7355F00D416F3 /* Products */;
			projectDirPath = "";
			projectRoot = "";
			targets = (
				6810AD7828C7355F00D416F3 /* preLab1 */,
			);
		};
/* End PBXProject section */

/* Begin PBXSourcesBuildPhase section */
		6810AD7528C7355F00D416F3 /* Sources */ = {
			isa = PBXSourcesBuildPhase;
			buildActionMask = 2147483647;
			files = (
				6810AD8728C7367000D416F3 /* payload.cpp in Sources */,
				6810AD7D28C7355F00D416F3 /* main.cpp in Sources */,
				68DA230328C8796400C5C3A3 /* myvector.cpp in Sources */,
				68DA230628C8797A00C5C3A3 /* mylist.cpp in Sources */,
				6810AD8928C7384000D416F3 /* user.cpp in Sources */,
			);
			runOnlyForDeploymentPostprocessing = 0;
		};
/* End PBXSourcesBuildPhase section */

/* Begin XCBuildConfiguration section */
		6810AD7E28C7355F00D416F3 /* Debug */ = {
			isa = XCBuildConfiguration;
			buildSettings = {
				ALWAYS_SEARCH_USER_PATHS = NO;
				CLANG_ANALYZER_NONNULL = YES;
				CLANG_ANALYZER_NUMBER_OBJECT_CONVERSION = YES_AGGRESSIVE;
				CLANG_CXX_LANGUAGE_STANDARD = "gnu++17";
				CLANG_ENABLE_MODULES = YES;
				CLANG_ENABLE_OBJC_ARC = YES;
				CLANG_ENABLE_OBJC_WEAK = YES;
				CLANG_WARN_BLOCK_CAPTURE_AUTORELEASING = YES;
				CLANG_WARN_BOOL_CONVERSION = YES;
				CLANG_WARN_COMMA = YES;
				CLANG_WARN_CONSTANT_CONVERSION = YES;
				CLANG_WARN_DEPRECATED_OBJC_IMPLEMENTATIONS = YES;
				CLANG_WARN_DIRECT_OBJC_ISA_USAGE = YES_ERROR;
				CLANG_WARN_DOCUMENTATION_COMMENTS = YES;
				CLANG_WARN_EMPTY_BODY = YES;
				CLANG_WARN_ENUM_CONVERSION = YES;
				CLANG_WARN_INFINITE_RECURSION = YES;
				CLANG_WARN_INT_CONVERSION = YES;
				CLANG_WARN_NON_LITERAL_NULL_CONVERSION = YES;
				CLANG_WARN_OBJC_IMPLICIT_RETAIN_SELF = YES;
				CLANG_WARN_OBJC_LITERAL_CONVERSION = YES;
				CLANG_WARN_OBJC_ROOT_CLASS = YES_ERROR;
				CLANG_WARN_QUOTED_INCLUDE_IN_FRAMEWORK_HEADER = YES;
				CLANG_WARN_RANGE_LOOP_ANALYSIS = YES;
				CLANG_WARN_STRICT_PROTOTYPES = YES;
				CLANG_WARN_SUSPICIOUS_MOVE = YES;
				CLANG_WARN_UNGUARDED_AVAILABILITY = YES_AGGRESSIVE;
				CLANG_WARN_UNREACHABLE_CODE = YES;
				CLANG_WARN__DUPLICATE_METHOD_MATCH = YES;
				COPY_PHASE_STRIP = NO;
				DEBUG_INFORMATION_FORMAT = dwarf;
				ENABLE_STRICT_OBJC_MSGSEND = YES;
				ENABLE_TESTABILITY = YES;
				GCC_C_LANGUAGE_STANDARD = gnu11;
				GCC_DYNAMIC_NO_PIC = NO;
				GCC_NO_COMMON_BLOCKS = YES;
				GCC_OPTIMIZATION_LEVEL = 0;
				GCC_PREPROCESSOR_DEFINITIONS = (
					"DEBUG=1",
					"$(inherited)",
				);
				GCC_WARN_64_TO_32_BIT_CONVERSION = YES;
				GCC_WARN_ABOUT_RETURN_TYPE = YES_ERROR;
				GCC_WARN_UNDECLARED_SELECTOR = YES;
				GCC_WARN_UNINITIALIZED_AUTOS = YES_AGGRESSIVE;
				GCC_WARN_UNUSED_FUNCTION = YES;
				GCC_WARN_UNUSED_VARIABLE = YES;
				MACOSX_DEPLOYMENT_TARGET = 12.3;
				MTL_ENABLE_DEBUG_INFO = INCLUDE_SOURCE;
				MTL_FAST_MATH = YES;
				ONLY_ACTIVE_ARCH = YES;
				SDKROOT = macosx;
			};
			name = Debug;
		};
		6810AD7F28C7355F00D416F3 /* Release */ = {
			isa = XCBuildConfiguration;
			buildSettings = {
				ALWAYS_SEARCH_USER_PATHS = NO;
				CLANG_ANALYZER_NONNULL = YES;
				CLANG_ANALYZER_NUMBER_OBJECT_CONVERSION = YES_AGGRESSIVE;
				CLANG_CXX_LANGUAGE_STANDARD = "gnu++17";
				CLANG_ENABLE_MODULES = YES;
				CLANG_ENABLE_OBJC_ARC = YES;
				CLANG_ENABLE_OBJC_WEAK = YES;
				CLANG_WARN_BLOCK_CAPTURE_AUTORELEASING = YES;
				CLANG_WARN_BOOL_CONVERSION = YES;
				CLANG_WARN_COMMA = YES;
				CLANG_WARN_CONSTANT_CONVERSION = YES;
				CLANG_WARN_DEPRECATED_OBJC_IMPLEMENTATIONS = YES;
				CLANG_WARN_DIRECT_OBJC_ISA_USAGE = YES_ERROR;
				CLANG_WARN_DOCUMENTATION_COMMENTS = YES;
				CLANG_WARN_EMPTY_BODY = YES;
				CLANG_WARN_ENUM_CONVERSION = YES;
				CLANG_WARN_INFINITE_RECURSION = YES;
				CLANG_WARN_INT_CONVERSION = YES;
				CLANG_WARN_NON_LITERAL_NULL_CONVERSION = YES;
				CLANG_WARN_OBJC_IMPLICIT_RETAIN_SELF = YES;
				CLANG_WARN_OBJC_LITERAL_CONVERSION = YES;
				CLANG_WARN_OBJC_ROOT_CLASS = YES_ERROR;
				CLANG_WARN_QUOTED_INCLUDE_IN_FRAMEWORK_HEADER = YES;
				CLANG_WARN_RANGE_LOOP_ANALYSIS = YES;
				CLANG_WARN_STRICT_PROTOTYPES = YES;
				CLANG_WARN_SUSPICIOUS_MOVE = YES;
				CLANG_WARN_UNGUARDED_AVAILABILITY = YES_AGGRESSIVE;
				CLANG_WARN_UNREACHABLE_CODE = YES;
				CLANG_WARN__DUPLICATE_METHOD_MATCH = YES;
				COPY_PHASE_STRIP = NO;
				DEBUG_INFORMATION_FORMAT = "dwarf-with-dsym";
				ENABLE_NS_ASSERTIONS = NO;
				ENABLE_STRICT_OBJC_MSGSEND = YES;
				GCC_C_LANGUAGE_STANDARD = gnu11;
				GCC_NO_COMMON_BLOCKS = YES;
				GCC_WARN_64_TO_32_BIT_CONVERSION = YES;
				GCC_WARN_ABOUT_RETURN_TYPE = YES_ERROR;
				GCC_WARN_UNDECLARED_SELECTOR = YES;
				GCC_WARN_UNINITIALIZED_AUTOS = YES_AGGRESSIVE;
				GCC_WARN_UNUSED_FUNCTION = YES;
				GCC_WARN_UNUSED_VARIABLE = YES;
				MACOSX_DEPLOYMENT_TARGET = 12.3;
				MTL_ENABLE_DEBUG_INFO = NO;
				MTL_FAST_MATH = YES;
				SDKROOT = macosx;
			};
			name = Release;
		};
		6810AD8128C7355F00D416F3 /* Debug */ = {
			isa = XCBuildConfiguration;
			buildSettings = {
				CODE_SIGN_STYLE = Automatic;
				PRODUCT_NAME = "$(TARGET_NAME)";
			};
			name = Debug;
		};
		6810AD8228C7355F00D416F3 /* Release */ = {
			isa = XCBuildConfiguration;
			buildSettings = {
				CODE_SIGN_STYLE = Automatic;
				PRODUCT_NAME = "$(TARGET_NAME)";
			};
			name = Release;
		};
/* End XCBuildConfiguration section */

/* Begin XCConfigurationList section */
		6810AD7428C7355F00D416F3 /* Build configuration list for PBXProject "preLab1" */ = {
			isa = XCConfigurationList;
			buildConfigurations = (
				6810AD7E28C7355F00D416F3 /* Debug */,
				6810AD7F28C7355F00D416F3 /* Release */,
			);
			defaultConfigurationIsVisible = 0;
			defaultConfigurationName = Release;
		};
		6810AD8028C7355F00D416F3 /* Build configuration list for PBXNativeTarget "preLab1" */ = {
			isa = XCConfigurationList;
			buildConfigurations = (
				6810AD8128C7355F00D416F3 /* Debug */,
				6810AD8228C7355F00D416F3 /* Release */,
			);
			defaultConfigurationIsVisible = 0;
			defaultConfigurationName = Release;
		};
/* End XCConfigurationList section */
	};
	rootObject = 6810AD7128C7355F00D416F3 /* Project object */;
}
